
Microsoft Visual Studio Solution File, Format Version 12.00
# Visual Studio Version 17
VisualStudioVersion = 17.4.33103.184
MinimumVisualStudioVersion = 10.0.40219.1
Project("{FAE04EC0-301F-11D3-BF4B-00C04F79EFBC}") = "Menu01", "Menu01\Menu01.csproj", "{615A1985-5FD2-407E-8B28-C7A26005B735}"
EndProject
Global
	GlobalSection(SolutionConfigurationPlatforms) = preSolution
		Debug|Any CPU = Debug|Any CPU
		Release|Any CPU = Release|Any CPU
	EndGlobalSection
	GlobalSection(ProjectConfigurationPlatforms) = postSolution
		{615A1985-5FD2-407E-8B28-C7A26005B735}.Debug|Any CPU.ActiveCfg = Debug|Any CPU
		{615A1985-5FD2-407E-8B28-C7A26005B735}.Debug|Any CPU.Build.0 = Debug|Any CPU
		{615A1985-5FD2-407E-8B28-C7A26005B735}.Release|Any CPU.ActiveCfg = Release|Any CPU
		{615A1985-5FD2-407E-8B28-C7A26005B735}.Release|Any CPU.Build.0 = Release|Any CPU
	EndGlobalSection
	GlobalSection(SolutionProperties) = preSolution
		HideSolutionNode = FALSE
	EndGlobalSection
	GlobalSection(ExtensibilityGlobals) = postSolution
		SolutionGuid = {60F3931E-715C-4107-8C9F-4A4E63046312}
	EndGlobalSection
EndGlobal
